
Microsoft Visual Studio Solution File, Format Version 12.00
# Visual Studio Version 17
VisualStudioVersion = 17.0.31903.59
MinimumVisualStudioVersion = 10.0.40219.1
Project("{FAE04EC0-301F-11D3-BF4B-00C04F79EFBC}") = "Multithreading", "Multithreading\Multithreading.csproj", "{853F0977-E113-4FF0-929A-94174C198F6F}"
EndProject
Project("{FAE04EC0-301F-11D3-BF4B-00C04F79EFBC}") = "MultiThreading2", "MultiThreading2\MultiThreading2.csproj", "{FDFBE9D3-E42D-4D3C-80C2-0AE2C11F146C}"
EndProject
Global
	GlobalSection(SolutionConfigurationPlatforms) = preSolution
		Debug|Any CPU = Debug|Any CPU
		Release|Any CPU = Release|Any CPU
	EndGlobalSection
	GlobalSection(SolutionProperties) = preSolution
		HideSolutionNode = FALSE
	EndGlobalSection
	GlobalSection(ProjectConfigurationPlatforms) = postSolution
		{853F0977-E113-4FF0-929A-94174C198F6F}.Debug|Any CPU.ActiveCfg = Debug|Any CPU
		{853F0977-E113-4FF0-929A-94174C198F6F}.Debug|Any CPU.Build.0 = Debug|Any CPU
		{853F0977-E113-4FF0-929A-94174C198F6F}.Release|Any CPU.ActiveCfg = Release|Any CPU
		{853F0977-E113-4FF0-929A-94174C198F6F}.Release|Any CPU.Build.0 = Release|Any CPU
		{FDFBE9D3-E42D-4D3C-80C2-0AE2C11F146C}.Debug|Any CPU.ActiveCfg = Debug|Any CPU
		{FDFBE9D3-E42D-4D3C-80C2-0AE2C11F146C}.Debug|Any CPU.Build.0 = Debug|Any CPU
		{FDFBE9D3-E42D-4D3C-80C2-0AE2C11F146C}.Release|Any CPU.ActiveCfg = Release|Any CPU
		{FDFBE9D3-E42D-4D3C-80C2-0AE2C11F146C}.Release|Any CPU.Build.0 = Release|Any CPU
	EndGlobalSection
EndGlobal
