
Microsoft Visual Studio Solution File, Format Version 12.00
# Visual Studio Version 17
VisualStudioVersion = 17.0.31903.59
MinimumVisualStudioVersion = 10.0.40219.1
Project("{FAE04EC0-301F-11D3-BF4B-00C04F79EFBC}") = "banking", "banking\banking.csproj", "{F3564D9B-0A5E-4218-88F4-38C24BC446DD}"
EndProject
Project("{FAE04EC0-301F-11D3-BF4B-00C04F79EFBC}") = "HDFCApp", "HDFCApp\HDFCApp.csproj", "{A5A13447-17AC-4A56-9D93-B35500685C2D}"
EndProject
Global
	GlobalSection(SolutionConfigurationPlatforms) = preSolution
		Debug|Any CPU = Debug|Any CPU
		Release|Any CPU = Release|Any CPU
	EndGlobalSection
	GlobalSection(SolutionProperties) = preSolution
		HideSolutionNode = FALSE
	EndGlobalSection
	GlobalSection(ProjectConfigurationPlatforms) = postSolution
		{F3564D9B-0A5E-4218-88F4-38C24BC446DD}.Debug|Any CPU.ActiveCfg = Debug|Any CPU
		{F3564D9B-0A5E-4218-88F4-38C24BC446DD}.Debug|Any CPU.Build.0 = Debug|Any CPU
		{F3564D9B-0A5E-4218-88F4-38C24BC446DD}.Release|Any CPU.ActiveCfg = Release|Any CPU
		{F3564D9B-0A5E-4218-88F4-38C24BC446DD}.Release|Any CPU.Build.0 = Release|Any CPU
		{A5A13447-17AC-4A56-9D93-B35500685C2D}.Debug|Any CPU.ActiveCfg = Debug|Any CPU
		{A5A13447-17AC-4A56-9D93-B35500685C2D}.Debug|Any CPU.Build.0 = Debug|Any CPU
		{A5A13447-17AC-4A56-9D93-B35500685C2D}.Release|Any CPU.ActiveCfg = Release|Any CPU
		{A5A13447-17AC-4A56-9D93-B35500685C2D}.Release|Any CPU.Build.0 = Release|Any CPU
	EndGlobalSection
EndGlobal
